
Microsoft Visual Studio Solution File, Format Version 12.00
# Visual Studio Version 17
VisualStudioVersion = 17.0.32014.148
MinimumVisualStudioVersion = 10.0.40219.1
Project("{9A19103F-16F7-4668-BE54-9A1E7A4F7556}") = "OperationManager", "OperationManager\OperationManager.csproj", "{682C90EB-C4F3-417C-A877-F32A678A88CC}"
EndProject
Global
	GlobalSection(SolutionConfigurationPlatforms) = preSolution
		Debug|Any CPU = Debug|Any CPU
		Release|Any CPU = Release|Any CPU
	EndGlobalSection
	GlobalSection(ProjectConfigurationPlatforms) = postSolution
		{682C90EB-C4F3-417C-A877-F32A678A88CC}.Debug|Any CPU.ActiveCfg = Debug|Any CPU
		{682C90EB-C4F3-417C-A877-F32A678A88CC}.Debug|Any CPU.Build.0 = Debug|Any CPU
		{682C90EB-C4F3-417C-A877-F32A678A88CC}.Release|Any CPU.ActiveCfg = Release|Any CPU
		{682C90EB-C4F3-417C-A877-F32A678A88CC}.Release|Any CPU.Build.0 = Release|Any CPU
	EndGlobalSection
	GlobalSection(SolutionProperties) = preSolution
		HideSolutionNode = FALSE
	EndGlobalSection
	GlobalSection(ExtensibilityGlobals) = postSolution
		SolutionGuid = {AE93718C-0A20-4134-A51D-866B4F7683E6}
	EndGlobalSection
EndGlobal
